
Microsoft Visual Studio Solution File, Format Version 12.00
# Visual Studio Version 16
VisualStudioVersion = 16.0.29806.167
MinimumVisualStudioVersion = 10.0.40219.1
Project("{FAE04EC0-301F-11D3-BF4B-00C04F79EFBC}") = "1_WindowsFormsApp", "WindowsFormsApp\1_WindowsFormsApp.csproj", "{CE5E54E8-5BDF-4A49-AD9F-C78F41D3716D}"
EndProject
Project("{FAE04EC0-301F-11D3-BF4B-00C04F79EFBC}") = "2_Containers", "Contaibers\2_Containers.csproj", "{F17D0763-732A-4627-8576-7E78FEA1F4A1}"
EndProject
Project("{FAE04EC0-301F-11D3-BF4B-00C04F79EFBC}") = "3_ControlElements", "ControlElements\3_ControlElements.csproj", "{97642D50-16F8-4A6F-9D3D-63D4382A1CB8}"
EndProject
Project("{FAE04EC0-301F-11D3-BF4B-00C04F79EFBC}") = "4_MenuPanelTools", "MenuPanelTools\4_MenuPanelTools.csproj", "{AD0CEC86-6D8C-44A0-B61C-8C3696BEE2CF}"
EndProject
Global
	GlobalSection(SolutionConfigurationPlatforms) = preSolution
		Debug|Any CPU = Debug|Any CPU
		Release|Any CPU = Release|Any CPU
	EndGlobalSection
	GlobalSection(ProjectConfigurationPlatforms) = postSolution
		{CE5E54E8-5BDF-4A49-AD9F-C78F41D3716D}.Debug|Any CPU.ActiveCfg = Debug|Any CPU
		{CE5E54E8-5BDF-4A49-AD9F-C78F41D3716D}.Debug|Any CPU.Build.0 = Debug|Any CPU
		{CE5E54E8-5BDF-4A49-AD9F-C78F41D3716D}.Release|Any CPU.ActiveCfg = Release|Any CPU
		{CE5E54E8-5BDF-4A49-AD9F-C78F41D3716D}.Release|Any CPU.Build.0 = Release|Any CPU
		{F17D0763-732A-4627-8576-7E78FEA1F4A1}.Debug|Any CPU.ActiveCfg = Debug|Any CPU
		{F17D0763-732A-4627-8576-7E78FEA1F4A1}.Debug|Any CPU.Build.0 = Debug|Any CPU
		{F17D0763-732A-4627-8576-7E78FEA1F4A1}.Release|Any CPU.ActiveCfg = Release|Any CPU
		{F17D0763-732A-4627-8576-7E78FEA1F4A1}.Release|Any CPU.Build.0 = Release|Any CPU
		{97642D50-16F8-4A6F-9D3D-63D4382A1CB8}.Debug|Any CPU.ActiveCfg = Debug|Any CPU
		{97642D50-16F8-4A6F-9D3D-63D4382A1CB8}.Debug|Any CPU.Build.0 = Debug|Any CPU
		{97642D50-16F8-4A6F-9D3D-63D4382A1CB8}.Release|Any CPU.ActiveCfg = Release|Any CPU
		{97642D50-16F8-4A6F-9D3D-63D4382A1CB8}.Release|Any CPU.Build.0 = Release|Any CPU
		{AD0CEC86-6D8C-44A0-B61C-8C3696BEE2CF}.Debug|Any CPU.ActiveCfg = Debug|Any CPU
		{AD0CEC86-6D8C-44A0-B61C-8C3696BEE2CF}.Debug|Any CPU.Build.0 = Debug|Any CPU
		{AD0CEC86-6D8C-44A0-B61C-8C3696BEE2CF}.Release|Any CPU.ActiveCfg = Release|Any CPU
		{AD0CEC86-6D8C-44A0-B61C-8C3696BEE2CF}.Release|Any CPU.Build.0 = Release|Any CPU
	EndGlobalSection
	GlobalSection(SolutionProperties) = preSolution
		HideSolutionNode = FALSE
	EndGlobalSection
	GlobalSection(ExtensibilityGlobals) = postSolution
		SolutionGuid = {C61DBB3A-FEBE-4853-B817-FF8D24734B41}
	EndGlobalSection
EndGlobal
